// !$*UTF8*$!
{
	archiveVersion = 1;
	classes = {
	};
	objectVersion = 50;
	objects = {

/* Begin PBXBuildFile section */
		598C999A25EB8B19008AB008 /* AppDelegate.swift in Sources */ = {isa = PBXBuildFile; fileRef = 598C999925EB8B19008AB008 /* AppDelegate.swift */; };
		598C999C25EB8B19008AB008 /* SceneDelegate.swift in Sources */ = {isa = PBXBuildFile; fileRef = 598C999B25EB8B19008AB008 /* SceneDelegate.swift */; };
		598C999E25EB8B19008AB008 /* ViewController.swift in Sources */ = {isa = PBXBuildFile; fileRef = 598C999D25EB8B19008AB008 /* ViewController.swift */; };
		598C99A125EB8B19008AB008 /* Main.storyboard in Resources */ = {isa = PBXBuildFile; fileRef = 598C999F25EB8B19008AB008 /* Main.storyboard */; };
		598C99A325EB8B1B008AB008 /* Assets.xcassets in Resources */ = {isa = PBXBuildFile; fileRef = 598C99A225EB8B1B008AB008 /* Assets.xcassets */; };
		598C99A625EB8B1B008AB008 /* LaunchScreen.storyboard in Resources */ = {isa = PBXBuildFile; fileRef = 598C99A425EB8B1B008AB008 /* LaunchScreen.storyboard */; };
		598C99B125EB8B1B008AB008 /* FoodJournalTests.swift in Sources */ = {isa = PBXBuildFile; fileRef = 598C99B025EB8B1B008AB008 /* FoodJournalTests.swift */; };
		598C99BC25EB8B1B008AB008 /* FoodJournalUITests.swift in Sources */ = {isa = PBXBuildFile; fileRef = 598C99BB25EB8B1B008AB008 /* FoodJournalUITests.swift */; };
/* End PBXBuildFile section */

/* Begin PBXContainerItemProxy section */
		598C99AD25EB8B1B008AB008 /* PBXContainerItemProxy */ = {
			isa = PBXContainerItemProxy;
			containerPortal = 598C998E25EB8B19008AB008 /* Project object */;
			proxyType = 1;
			remoteGlobalIDString = 598C999525EB8B19008AB008;
			remoteInfo = FoodJournal;
		};
		598C99B825EB8B1B008AB008 /* PBXContainerItemProxy */ = {
			isa = PBXContainerItemProxy;
			containerPortal = 598C998E25EB8B19008AB008 /* Project object */;
			proxyType = 1;
			remoteGlobalIDString = 598C999525EB8B19008AB008;
			remoteInfo = FoodJournal;
		};
/* End PBXContainerItemProxy section */

/* Begin PBXFileReference section */
		598C999625EB8B19008AB008 /* FoodJournal.app */ = {isa = PBXFileReference; explicitFileType = wrapper.application; includeInIndex = 0; path = FoodJournal.app; sourceTree = BUILT_PRODUCTS_DIR; };
		598C999925EB8B19008AB008 /* AppDelegate.swift */ = {isa = PBXFileReference; lastKnownFileType = sourcecode.swift; path = AppDelegate.swift; sourceTree = "<group>"; };
		598C999B25EB8B19008AB008 /* SceneDelegate.swift */ = {isa = PBXFileReference; lastKnownFileType = sourcecode.swift; path = SceneDelegate.swift; sourceTree = "<group>"; };
		598C999D25EB8B19008AB008 /* ViewController.swift */ = {isa = PBXFileReference; lastKnownFileType = sourcecode.swift; path = ViewController.swift; sourceTree = "<group>"; };
		598C99A025EB8B19008AB008 /* Base */ = {isa = PBXFileReference; lastKnownFileType = file.storyboard; name = Base; path = Base.lproj/Main.storyboard; sourceTree = "<group>"; };
		598C99A225EB8B1B008AB008 /* Assets.xcassets */ = {isa = PBXFileReference; lastKnownFileType = folder.assetcatalog; path = Assets.xcassets; sourceTree = "<group>"; };
		598C99A525EB8B1B008AB008 /* Base */ = {isa = PBXFileReference; lastKnownFileType = file.storyboard; name = Base; path = Base.lproj/LaunchScreen.storyboard; sourceTree = "<group>"; };
		598C99A725EB8B1B008AB008 /* Info.plist */ = {isa = PBXFileReference; lastKnownFileType = text.plist.xml; path = Info.plist; sourceTree = "<group>"; };
		598C99AC25EB8B1B008AB008 /* FoodJournalTests.xctest */ = {isa = PBXFileReference; explicitFileType = wrapper.cfbundle; includeInIndex = 0; path = FoodJournalTests.xctest; sourceTree = BUILT_PRODUCTS_DIR; };
		598C99B025EB8B1B008AB008 /* FoodJournalTests.swift */ = {isa = PBXFileReference; lastKnownFileType = sourcecode.swift; path = FoodJournalTests.swift; sourceTree = "<group>"; };
		598C99B225EB8B1B008AB008 /* Info.plist */ = {isa = PBXFileReference; lastKnownFileType = text.plist.xml; path = Info.plist; sourceTree = "<group>"; };
		598C99B725EB8B1B008AB008 /* FoodJournalUITests.xctest */ = {isa = PBXFileReference; explicitFileType = wrapper.cfbundle; includeInIndex = 0; path = FoodJournalUITests.xctest; sourceTree = BUILT_PRODUCTS_DIR; };
		598C99BB25EB8B1B008AB008 /* FoodJournalUITests.swift */ = {isa = PBXFileReference; lastKnownFileType = sourcecode.swift; path = FoodJournalUITests.swift; sourceTree = "<group>"; };
		598C99BD25EB8B1B008AB008 /* Info.plist */ = {isa = PBXFileReference; lastKnownFileType = text.plist.xml; path = Info.plist; sourceTree = "<group>"; };
/* End PBXFileReference section */

/* Begin PBXFrameworksBuildPhase section */
		598C999325EB8B19008AB008 /* Frameworks */ = {
			isa = PBXFrameworksBuildPhase;
			buildActionMask = 2147483647;
			files = (
			);
			runOnlyForDeploymentPostprocessing = 0;
		};
		598C99A925EB8B1B008AB008 /* Frameworks */ = {
			isa = PBXFrameworksBuildPhase;
			buildActionMask = 2147483647;
			files = (
			);
			runOnlyForDeploymentPostprocessing = 0;
		};
		598C99B425EB8B1B008AB008 /* Frameworks */ = {
			isa = PBXFrameworksBuildPhase;
			buildActionMask = 2147483647;
			files = (
			);
			runOnlyForDeploymentPostprocessing = 0;
		};
/* End PBXFrameworksBuildPhase section */

/* Begin PBXGroup section */
		598C998D25EB8B19008AB008 = {
			isa = PBXGroup;
			children = (
				598C999825EB8B19008AB008 /* FoodJournal */,
				598C99AF25EB8B1B008AB008 /* FoodJournalTests */,
				598C99BA25EB8B1B008AB008 /* FoodJournalUITests */,
				598C999725EB8B19008AB008 /* Products */,
			);
			sourceTree = "<group>";
		};
		598C999725EB8B19008AB008 /* Products */ = {
			isa = PBXGroup;
			children = (
				598C999625EB8B19008AB008 /* FoodJournal.app */,
				598C99AC25EB8B1B008AB008 /* FoodJournalTests.xctest */,
				598C99B725EB8B1B008AB008 /* FoodJournalUITests.xctest */,
			);
			name = Products;
			sourceTree = "<group>";
		};
		598C999825EB8B19008AB008 /* FoodJournal */ = {
			isa = PBXGroup;
			children = (
				598C999925EB8B19008AB008 /* AppDelegate.swift */,
				598C999B25EB8B19008AB008 /* SceneDelegate.swift */,
				598C999D25EB8B19008AB008 /* ViewController.swift */,
				598C999F25EB8B19008AB008 /* Main.storyboard */,
				598C99A225EB8B1B008AB008 /* Assets.xcassets */,
				598C99A425EB8B1B008AB008 /* LaunchScreen.storyboard */,
				598C99A725EB8B1B008AB008 /* Info.plist */,
			);
			path = FoodJournal;
			sourceTree = "<group>";
		};
		598C99AF25EB8B1B008AB008 /* FoodJournalTests */ = {
			isa = PBXGroup;
			children = (
				598C99B025EB8B1B008AB008 /* FoodJournalTests.swift */,
				598C99B225EB8B1B008AB008 /* Info.plist */,
			);
			path = FoodJournalTests;
			sourceTree = "<group>";
		};
		598C99BA25EB8B1B008AB008 /* FoodJournalUITests */ = {
			isa = PBXGroup;
			children = (
				598C99BB25EB8B1B008AB008 /* FoodJournalUITests.swift */,
				598C99BD25EB8B1B008AB008 /* Info.plist */,
			);
			path = FoodJournalUITests;
			sourceTree = "<group>";
		};
/* End PBXGroup section */

/* Begin PBXNativeTarget section */
		598C999525EB8B19008AB008 /* FoodJournal */ = {
			isa = PBXNativeTarget;
			buildConfigurationList = 598C99C025EB8B1B008AB008 /* Build configuration list for PBXNativeTarget "FoodJournal" */;
			buildPhases = (
				598C999225EB8B19008AB008 /* Sources */,
				598C999325EB8B19008AB008 /* Frameworks */,
				598C999425EB8B19008AB008 /* Resources */,
			);
			buildRules = (
			);
			dependencies = (
			);
			name = FoodJournal;
			productName = FoodJournal;
			productReference = 598C999625EB8B19008AB008 /* FoodJournal.app */;
			productType = "com.apple.product-type.application";
		};
		598C99AB25EB8B1B008AB008 /* FoodJournalTests */ = {
			isa = PBXNativeTarget;
			buildConfigurationList = 598C99C325EB8B1B008AB008 /* Build configuration list for PBXNativeTarget "FoodJournalTests" */;
			buildPhases = (
				598C99A825EB8B1B008AB008 /* Sources */,
				598C99A925EB8B1B008AB008 /* Frameworks */,
				598C99AA25EB8B1B008AB008 /* Resources */,
			);
			buildRules = (
			);
			dependencies = (
				598C99AE25EB8B1B008AB008 /* PBXTargetDependency */,
			);
			name = FoodJournalTests;
			productName = FoodJournalTests;
			productReference = 598C99AC25EB8B1B008AB008 /* FoodJournalTests.xctest */;
			productType = "com.apple.product-type.bundle.unit-test";
		};
		598C99B625EB8B1B008AB008 /* FoodJournalUITests */ = {
			isa = PBXNativeTarget;
			buildConfigurationList = 598C99C625EB8B1B008AB008 /* Build configuration list for PBXNativeTarget "FoodJournalUITests" */;
			buildPhases = (
				598C99B325EB8B1B008AB008 /* Sources */,
				598C99B425EB8B1B008AB008 /* Frameworks */,
				598C99B525EB8B1B008AB008 /* Resources */,
			);
			buildRules = (
			);
			dependencies = (
				598C99B925EB8B1B008AB008 /* PBXTargetDependency */,
			);
			name = FoodJournalUITests;
			productName = FoodJournalUITests;
			productReference = 598C99B725EB8B1B008AB008 /* FoodJournalUITests.xctest */;
			productType = "com.apple.product-type.bundle.ui-testing";
		};
/* End PBXNativeTarget section */

/* Begin PBXProject section */
		598C998E25EB8B19008AB008 /* Project object */ = {
			isa = PBXProject;
			attributes = {
				LastSwiftUpdateCheck = 1160;
				LastUpgradeCheck = 1160;
				ORGANIZATIONNAME = "Ivan Trifonov";
				TargetAttributes = {
					598C999525EB8B19008AB008 = {
						CreatedOnToolsVersion = 11.6;
					};
					598C99AB25EB8B1B008AB008 = {
						CreatedOnToolsVersion = 11.6;
						TestTargetID = 598C999525EB8B19008AB008;
					};
					598C99B625EB8B1B008AB008 = {
						CreatedOnToolsVersion = 11.6;
						TestTargetID = 598C999525EB8B19008AB008;
					};
				};
			};
			buildConfigurationList = 598C999125EB8B19008AB008 /* Build configuration list for PBXProject "FoodJournal" */;
			compatibilityVersion = "Xcode 9.3";
			developmentRegion = en;
			hasScannedForEncodings = 0;
			knownRegions = (
				en,
				Base,
			);
			mainGroup = 598C998D25EB8B19008AB008;
			productRefGroup = 598C999725EB8B19008AB008 /* Products */;
			projectDirPath = "";
			projectRoot = "";
			targets = (
				598C999525EB8B19008AB008 /* FoodJournal */,
				598C99AB25EB8B1B008AB008 /* FoodJournalTests */,
				598C99B625EB8B1B008AB008 /* FoodJournalUITests */,
			);
		};
/* End PBXProject section */

/* Begin PBXResourcesBuildPhase section */
		598C999425EB8B19008AB008 /* Resources */ = {
			isa = PBXResourcesBuildPhase;
			buildActionMask = 2147483647;
			files = (
				598C99A625EB8B1B008AB008 /* LaunchScreen.storyboard in Resources */,
				598C99A325EB8B1B008AB008 /* Assets.xcassets in Resources */,
				598C99A125EB8B19008AB008 /* Main.storyboard in Resources */,
			);
			runOnlyForDeploymentPostprocessing = 0;
		};
		598C99AA25EB8B1B008AB008 /* Resources */ = {
			isa = PBXResourcesBuildPhase;
			buildActionMask = 2147483647;
			files = (
			);
			runOnlyForDeploymentPostprocessing = 0;
		};
		598C99B525EB8B1B008AB008 /* Resources */ = {
			isa = PBXResourcesBuildPhase;
			buildActionMask = 2147483647;
			files = (
			);
			runOnlyForDeploymentPostprocessing = 0;
		};
/* End PBXResourcesBuildPhase section */

/* Begin PBXSourcesBuildPhase section */
		598C999225EB8B19008AB008 /* Sources */ = {
			isa = PBXSourcesBuildPhase;
			buildActionMask = 2147483647;
			files = (
				598C999E25EB8B19008AB008 /* ViewController.swift in Sources */,
				598C999A25EB8B19008AB008 /* AppDelegate.swift in Sources */,
				598C999C25EB8B19008AB008 /* SceneDelegate.swift in Sources */,
			);
			runOnlyForDeploymentPostprocessing = 0;
		};
		598C99A825EB8B1B008AB008 /* Sources */ = {
			isa = PBXSourcesBuildPhase;
			buildActionMask = 2147483647;
			files = (
				598C99B125EB8B1B008AB008 /* FoodJournalTests.swift in Sources */,
			);
			runOnlyForDeploymentPostprocessing = 0;
		};
		598C99B325EB8B1B008AB008 /* Sources */ = {
			isa = PBXSourcesBuildPhase;
			buildActionMask = 2147483647;
			files = (
				598C99BC25EB8B1B008AB008 /* FoodJournalUITests.swift in Sources */,
			);
			runOnlyForDeploymentPostprocessing = 0;
		};
/* End PBXSourcesBuildPhase section */

/* Begin PBXTargetDependency section */
		598C99AE25EB8B1B008AB008 /* PBXTargetDependency */ = {
			isa = PBXTargetDependency;
			target = 598C999525EB8B19008AB008 /* FoodJournal */;
			targetProxy = 598C99AD25EB8B1B008AB008 /* PBXContainerItemProxy */;
		};
		598C99B925EB8B1B008AB008 /* PBXTargetDependency */ = {
			isa = PBXTargetDependency;
			target = 598C999525EB8B19008AB008 /* FoodJournal */;
			targetProxy = 598C99B825EB8B1B008AB008 /* PBXContainerItemProxy */;
		};
/* End PBXTargetDependency section */

/* Begin PBXVariantGroup section */
		598C999F25EB8B19008AB008 /* Main.storyboard */ = {
			isa = PBXVariantGroup;
			children = (
				598C99A025EB8B19008AB008 /* Base */,
			);
			name = Main.storyboard;
			sourceTree = "<group>";
		};
		598C99A425EB8B1B008AB008 /* LaunchScreen.storyboard */ = {
			isa = PBXVariantGroup;
			children = (
				598C99A525EB8B1B008AB008 /* Base */,
			);
			name = LaunchScreen.storyboard;
			sourceTree = "<group>";
		};
/* End PBXVariantGroup section */

/* Begin XCBuildConfiguration section */
		598C99BE25EB8B1B008AB008 /* Debug */ = {
			isa = XCBuildConfiguration;
			buildSettings = {
				ALWAYS_SEARCH_USER_PATHS = NO;
				CLANG_ANALYZER_NONNULL = YES;
				CLANG_ANALYZER_NUMBER_OBJECT_CONVERSION = YES_AGGRESSIVE;
				CLANG_CXX_LANGUAGE_STANDARD = "gnu++14";
				CLANG_CXX_LIBRARY = "libc++";
				CLANG_ENABLE_MODULES = YES;
				CLANG_ENABLE_OBJC_ARC = YES;
				CLANG_ENABLE_OBJC_WEAK = YES;
				CLANG_WARN_BLOCK_CAPTURE_AUTORELEASING = YES;
				CLANG_WARN_BOOL_CONVERSION = YES;
				CLANG_WARN_COMMA = YES;
				CLANG_WARN_CONSTANT_CONVERSION = YES;
				CLANG_WARN_DEPRECATED_OBJC_IMPLEMENTATIONS = YES;
				CLANG_WARN_DIRECT_OBJC_ISA_USAGE = YES_ERROR;
				CLANG_WARN_DOCUMENTATION_COMMENTS = YES;
				CLANG_WARN_EMPTY_BODY = YES;
				CLANG_WARN_ENUM_CONVERSION = YES;
				CLANG_WARN_INFINITE_RECURSION = YES;
				CLANG_WARN_INT_CONVERSION = YES;
				CLANG_WARN_NON_LITERAL_NULL_CONVERSION = YES;
				CLANG_WARN_OBJC_IMPLICIT_RETAIN_SELF = YES;
				CLANG_WARN_OBJC_LITERAL_CONVERSION = YES;
				CLANG_WARN_OBJC_ROOT_CLASS = YES_ERROR;
				CLANG_WARN_RANGE_LOOP_ANALYSIS = YES;
				CLANG_WARN_STRICT_PROTOTYPES = YES;
				CLANG_WARN_SUSPICIOUS_MOVE = YES;
				CLANG_WARN_UNGUARDED_AVAILABILITY = YES_AGGRESSIVE;
				CLANG_WARN_UNREACHABLE_CODE = YES;
				CLANG_WARN__DUPLICATE_METHOD_MATCH = YES;
				COPY_PHASE_STRIP = NO;
				DEBUG_INFORMATION_FORMAT = dwarf;
				ENABLE_STRICT_OBJC_MSGSEND = YES;
				ENABLE_TESTABILITY = YES;
				GCC_C_LANGUAGE_STANDARD = gnu11;
				GCC_DYNAMIC_NO_PIC = NO;
				GCC_NO_COMMON_BLOCKS = YES;
				GCC_OPTIMIZATION_LEVEL = 0;
				GCC_PREPROCESSOR_DEFINITIONS = (
					"DEBUG=1",
					"$(inherited)",
				);
				GCC_WARN_64_TO_32_BIT_CONVERSION = YES;
				GCC_WARN_ABOUT_RETURN_TYPE = YES_ERROR;
				GCC_WARN_UNDECLARED_SELECTOR = YES;
				GCC_WARN_UNINITIALIZED_AUTOS = YES_AGGRESSIVE;
				GCC_WARN_UNUSED_FUNCTION = YES;
				GCC_WARN_UNUSED_VARIABLE = YES;
				IPHONEOS_DEPLOYMENT_TARGET = 13.6;
				MTL_ENABLE_DEBUG_INFO = INCLUDE_SOURCE;
				MTL_FAST_MATH = YES;
				ONLY_ACTIVE_ARCH = YES;
				SDKROOT = iphoneos;
				SWIFT_ACTIVE_COMPILATION_CONDITIONS = DEBUG;
				SWIFT_OPTIMIZATION_LEVEL = "-Onone";
			};
			name = Debug;
		};
		598C99BF25EB8B1B008AB008 /* Release */ = {
			isa = XCBuildConfiguration;
			buildSettings = {
				ALWAYS_SEARCH_USER_PATHS = NO;
				CLANG_ANALYZER_NONNULL = YES;
				CLANG_ANALYZER_NUMBER_OBJECT_CONVERSION = YES_AGGRESSIVE;
				CLANG_CXX_LANGUAGE_STANDARD = "gnu++14";
				CLANG_CXX_LIBRARY = "libc++";
				CLANG_ENABLE_MODULES = YES;
				CLANG_ENABLE_OBJC_ARC = YES;
				CLANG_ENABLE_OBJC_WEAK = YES;
				CLANG_WARN_BLOCK_CAPTURE_AUTORELEASING = YES;
				CLANG_WARN_BOOL_CONVERSION = YES;
				CLANG_WARN_COMMA = YES;
				CLANG_WARN_CONSTANT_CONVERSION = YES;
				CLANG_WARN_DEPRECATED_OBJC_IMPLEMENTATIONS = YES;
				CLANG_WARN_DIRECT_OBJC_ISA_USAGE = YES_ERROR;
				CLANG_WARN_DOCUMENTATION_COMMENTS = YES;
				CLANG_WARN_EMPTY_BODY = YES;
				CLANG_WARN_ENUM_CONVERSION = YES;
				CLANG_WARN_INFINITE_RECURSION = YES;
				CLANG_WARN_INT_CONVERSION = YES;
				CLANG_WARN_NON_LITERAL_NULL_CONVERSION = YES;
				CLANG_WARN_OBJC_IMPLICIT_RETAIN_SELF = YES;
				CLANG_WARN_OBJC_LITERAL_CONVERSION = YES;
				CLANG_WARN_OBJC_ROOT_CLASS = YES_ERROR;
				CLANG_WARN_RANGE_LOOP_ANALYSIS = YES;
				CLANG_WARN_STRICT_PROTOTYPES = YES;
				CLANG_WARN_SUSPICIOUS_MOVE = YES;
				CLANG_WARN_UNGUARDED_AVAILABILITY = YES_AGGRESSIVE;
				CLANG_WARN_UNREACHABLE_CODE = YES;
				CLANG_WARN__DUPLICATE_METHOD_MATCH = YES;
				COPY_PHASE_STRIP = NO;
				DEBUG_INFORMATION_FORMAT = "dwarf-with-dsym";
				ENABLE_NS_ASSERTIONS = NO;
				ENABLE_STRICT_OBJC_MSGSEND = YES;
				GCC_C_LANGUAGE_STANDARD = gnu11;
				GCC_NO_COMMON_BLOCKS = YES;
				GCC_WARN_64_TO_32_BIT_CONVERSION = YES;
				GCC_WARN_ABOUT_RETURN_TYPE = YES_ERROR;
				GCC_WARN_UNDECLARED_SELECTOR = YES;
				GCC_WARN_UNINITIALIZED_AUTOS = YES_AGGRESSIVE;
				GCC_WARN_UNUSED_FUNCTION = YES;
				GCC_WARN_UNUSED_VARIABLE = YES;
				IPHONEOS_DEPLOYMENT_TARGET = 13.6;
				MTL_ENABLE_DEBUG_INFO = NO;
				MTL_FAST_MATH = YES;
				SDKROOT = iphoneos;
				SWIFT_COMPILATION_MODE = wholemodule;
				SWIFT_OPTIMIZATION_LEVEL = "-O";
				VALIDATE_PRODUCT = YES;
			};
			name = Release;
		};
		598C99C125EB8B1B008AB008 /* Debug */ = {
			isa = XCBuildConfiguration;
			buildSettings = {
				ASSETCATALOG_COMPILER_APPICON_NAME = AppIcon;
				CODE_SIGN_STYLE = Automatic;
				INFOPLIST_FILE = FoodJournal/Info.plist;
				LD_RUNPATH_SEARCH_PATHS = (
					"$(inherited)",
					"@executable_path/Frameworks",
				);
				PRODUCT_BUNDLE_IDENTIFIER = vanya.FoodJournal;
				PRODUCT_NAME = "$(TARGET_NAME)";
				SWIFT_VERSION = 5.0;
				TARGETED_DEVICE_FAMILY = "1,2";
			};
			name = Debug;
		};
		598C99C225EB8B1B008AB008 /* Release */ = {
			isa = XCBuildConfiguration;
			buildSettings = {
				ASSETCATALOG_COMPILER_APPICON_NAME = AppIcon;
				CODE_SIGN_STYLE = Automatic;
				INFOPLIST_FILE = FoodJournal/Info.plist;
				LD_RUNPATH_SEARCH_PATHS = (
					"$(inherited)",
					"@executable_path/Frameworks",
				);
				PRODUCT_BUNDLE_IDENTIFIER = vanya.FoodJournal;
				PRODUCT_NAME = "$(TARGET_NAME)";
				SWIFT_VERSION = 5.0;
				TARGETED_DEVICE_FAMILY = "1,2";
			};
			name = Release;
		};
		598C99C425EB8B1B008AB008 /* Debug */ = {
			isa = XCBuildConfiguration;
			buildSettings = {
				ALWAYS_EMBED_SWIFT_STANDARD_LIBRARIES = YES;
				BUNDLE_LOADER = "$(TEST_HOST)";
				CODE_SIGN_STYLE = Automatic;
				INFOPLIST_FILE = FoodJournalTests/Info.plist;
				IPHONEOS_DEPLOYMENT_TARGET = 13.6;
				LD_RUNPATH_SEARCH_PATHS = (
					"$(inherited)",
					"@executable_path/Frameworks",
					"@loader_path/Frameworks",
				);
				PRODUCT_BUNDLE_IDENTIFIER = vanya.FoodJournalTests;
				PRODUCT_NAME = "$(TARGET_NAME)";
				SWIFT_VERSION = 5.0;
				TARGETED_DEVICE_FAMILY = "1,2";
				TEST_HOST = "$(BUILT_PRODUCTS_DIR)/FoodJournal.app/FoodJournal";
			};
			name = Debug;
		};
		598C99C525EB8B1B008AB008 /* Release */ = {
			isa = XCBuildConfiguration;
			buildSettings = {
				ALWAYS_EMBED_SWIFT_STANDARD_LIBRARIES = YES;
				BUNDLE_LOADER = "$(TEST_HOST)";
				CODE_SIGN_STYLE = Automatic;
				INFOPLIST_FILE = FoodJournalTests/Info.plist;
				IPHONEOS_DEPLOYMENT_TARGET = 13.6;
				LD_RUNPATH_SEARCH_PATHS = (
					"$(inherited)",
					"@executable_path/Frameworks",
					"@loader_path/Frameworks",
				);
				PRODUCT_BUNDLE_IDENTIFIER = vanya.FoodJournalTests;
				PRODUCT_NAME = "$(TARGET_NAME)";
				SWIFT_VERSION = 5.0;
				TARGETED_DEVICE_FAMILY = "1,2";
				TEST_HOST = "$(BUILT_PRODUCTS_DIR)/FoodJournal.app/FoodJournal";
			};
			name = Release;
		};
		598C99C725EB8B1B008AB008 /* Debug */ = {
			isa = XCBuildConfiguration;
			buildSettings = {
				ALWAYS_EMBED_SWIFT_STANDARD_LIBRARIES = YES;
				CODE_SIGN_STYLE = Automatic;
				INFOPLIST_FILE = FoodJournalUITests/Info.plist;
				LD_RUNPATH_SEARCH_PATHS = (
					"$(inherited)",
					"@executable_path/Frameworks",
					"@loader_path/Frameworks",
				);
				PRODUCT_BUNDLE_IDENTIFIER = vanya.FoodJournalUITests;
				PRODUCT_NAME = "$(TARGET_NAME)";
				SWIFT_VERSION = 5.0;
				TARGETED_DEVICE_FAMILY = "1,2";
				TEST_TARGET_NAME = FoodJournal;
			};
			name = Debug;
		};
		598C99C825EB8B1B008AB008 /* Release */ = {
			isa = XCBuildConfiguration;
			buildSettings = {
				ALWAYS_EMBED_SWIFT_STANDARD_LIBRARIES = YES;
				CODE_SIGN_STYLE = Automatic;
				INFOPLIST_FILE = FoodJournalUITests/Info.plist;
				LD_RUNPATH_SEARCH_PATHS = (
					"$(inherited)",
					"@executable_path/Frameworks",
					"@loader_path/Frameworks",
				);
				PRODUCT_BUNDLE_IDENTIFIER = vanya.FoodJournalUITests;
				PRODUCT_NAME = "$(TARGET_NAME)";
				SWIFT_VERSION = 5.0;
				TARGETED_DEVICE_FAMILY = "1,2";
				TEST_TARGET_NAME = FoodJournal;
			};
			name = Release;
		};
/* End XCBuildConfiguration section */

/* Begin XCConfigurationList section */
		598C999125EB8B19008AB008 /* Build configuration list for PBXProject "FoodJournal" */ = {
			isa = XCConfigurationList;
			buildConfigurations = (
				598C99BE25EB8B1B008AB008 /* Debug */,
				598C99BF25EB8B1B008AB008 /* Release */,
			);
			defaultConfigurationIsVisible = 0;
			defaultConfigurationName = Release;
		};
		598C99C025EB8B1B008AB008 /* Build configuration list for PBXNativeTarget "FoodJournal" */ = {
			isa = XCConfigurationList;
			buildConfigurations = (
				598C99C125EB8B1B008AB008 /* Debug */,
				598C99C225EB8B1B008AB008 /* Release */,
			);
			defaultConfigurationIsVisible = 0;
			defaultConfigurationName = Release;
		};
		598C99C325EB8B1B008AB008 /* Build configuration list for PBXNativeTarget "FoodJournalTests" */ = {
			isa = XCConfigurationList;
			buildConfigurations = (
				598C99C425EB8B1B008AB008 /* Debug */,
				598C99C525EB8B1B008AB008 /* Release */,
			);
			defaultConfigurationIsVisible = 0;
			defaultConfigurationName = Release;
		};
		598C99C625EB8B1B008AB008 /* Build configuration list for PBXNativeTarget "FoodJournalUITests" */ = {
			isa = XCConfigurationList;
			buildConfigurations = (
				598C99C725EB8B1B008AB008 /* Debug */,
				598C99C825EB8B1B008AB008 /* Release */,
			);
			defaultConfigurationIsVisible = 0;
			defaultConfigurationName = Release;
		};
/* End XCConfigurationList section */
	};
	rootObject = 598C998E25EB8B19008AB008 /* Project object */;
}
